
Microsoft Visual Studio Solution File, Format Version 12.00
# Visual Studio Version 17
VisualStudioVersion = 17.9.34701.34
MinimumVisualStudioVersion = 10.0.40219.1
Project("{FAE04EC0-301F-11D3-BF4B-00C04F79EFBC}") = "2280602854_VoVanTam", "2280602854_VoVanTam\2280602854_VoVanTam.csproj", "{77CD110F-D460-4934-8EEC-8AA53549A6BA}"
EndProject
Project("{FAE04EC0-301F-11D3-BF4B-00C04F79EFBC}") = "DAL", "DAL\DAL.csproj", "{75A3E45E-0750-4D32-9615-FDF374E094BB}"
EndProject
Project("{FAE04EC0-301F-11D3-BF4B-00C04F79EFBC}") = "BUS", "BUS\BUS.csproj", "{10799B0F-4872-43C4-8514-DA439829F21F}"
EndProject
Global
	GlobalSection(SolutionConfigurationPlatforms) = preSolution
		Debug|Any CPU = Debug|Any CPU
		Release|Any CPU = Release|Any CPU
	EndGlobalSection
	GlobalSection(ProjectConfigurationPlatforms) = postSolution
		{77CD110F-D460-4934-8EEC-8AA53549A6BA}.Debug|Any CPU.ActiveCfg = Debug|Any CPU
		{77CD110F-D460-4934-8EEC-8AA53549A6BA}.Debug|Any CPU.Build.0 = Debug|Any CPU
		{77CD110F-D460-4934-8EEC-8AA53549A6BA}.Release|Any CPU.ActiveCfg = Release|Any CPU
		{77CD110F-D460-4934-8EEC-8AA53549A6BA}.Release|Any CPU.Build.0 = Release|Any CPU
		{75A3E45E-0750-4D32-9615-FDF374E094BB}.Debug|Any CPU.ActiveCfg = Debug|Any CPU
		{75A3E45E-0750-4D32-9615-FDF374E094BB}.Debug|Any CPU.Build.0 = Debug|Any CPU
		{75A3E45E-0750-4D32-9615-FDF374E094BB}.Release|Any CPU.ActiveCfg = Release|Any CPU
		{75A3E45E-0750-4D32-9615-FDF374E094BB}.Release|Any CPU.Build.0 = Release|Any CPU
		{10799B0F-4872-43C4-8514-DA439829F21F}.Debug|Any CPU.ActiveCfg = Debug|Any CPU
		{10799B0F-4872-43C4-8514-DA439829F21F}.Debug|Any CPU.Build.0 = Debug|Any CPU
		{10799B0F-4872-43C4-8514-DA439829F21F}.Release|Any CPU.ActiveCfg = Release|Any CPU
		{10799B0F-4872-43C4-8514-DA439829F21F}.Release|Any CPU.Build.0 = Release|Any CPU
	EndGlobalSection
	GlobalSection(SolutionProperties) = preSolution
		HideSolutionNode = FALSE
	EndGlobalSection
	GlobalSection(ExtensibilityGlobals) = postSolution
		SolutionGuid = {3B3C697E-EEB5-4729-9F34-9C1F4C93921F}
	EndGlobalSection
EndGlobal
